# Claude Code binary baked into the MicroVM image. Written by `make claude-pin`
# from https://downloads.claude.ai/claude-code-releases/2.1.285/manifest.json;
# the Dockerfile verifies size and SHA-256, then `claude --version`.
CLAUDE_VERSION=2.1.285
CLAUDE_PLATFORM=linux-arm64
CLAUDE_SHA256=24fac77749bed3d91365d6b6915aa4b824e14318ecb6bc17adbc192f01c9173d
CLAUDE_SIZE=239722488
CLAUDE_BUILD_DATE=2026-09-29T01:45:50Z
